
Microsoft Visual Studio Solution File, Format Version 12.00
# Visual Studio Version 16
VisualStudioVersion = 16.0.29509.3
MinimumVisualStudioVersion = 10.0.40219.1
Project("{FAE04EC0-301F-11D3-BF4B-00C04F79EFBC}") = "WorkingWithJson", "WorkingWithJson\WorkingWithJson.csproj", "{9BB23371-4364-43A4-BF73-A238B933A078}"
EndProject
Global
	GlobalSection(SolutionConfigurationPlatforms) = preSolution
		Debug|Any CPU = Debug|Any CPU
		Release|Any CPU = Release|Any CPU
	EndGlobalSection
	GlobalSection(ProjectConfigurationPlatforms) = postSolution
		{9BB23371-4364-43A4-BF73-A238B933A078}.Debug|Any CPU.ActiveCfg = Debug|Any CPU
		{9BB23371-4364-43A4-BF73-A238B933A078}.Debug|Any CPU.Build.0 = Debug|Any CPU
		{9BB23371-4364-43A4-BF73-A238B933A078}.Release|Any CPU.ActiveCfg = Release|Any CPU
		{9BB23371-4364-43A4-BF73-A238B933A078}.Release|Any CPU.Build.0 = Release|Any CPU
	EndGlobalSection
	GlobalSection(SolutionProperties) = preSolution
		HideSolutionNode = FALSE
	EndGlobalSection
	GlobalSection(ExtensibilityGlobals) = postSolution
		SolutionGuid = {21D01858-8C7E-4D12-A4A6-33D9539FBA68}
	EndGlobalSection
EndGlobal
